<?xml version="1.0" encoding="utf-8"?>
<Project ToolsVersion="4.0" xmlns="http://schemas.microsoft.com/developer/msbuild/2003">
  <ItemGroup>
    <Filter Include="Resource Files">
      <UniqueIdentifier>{67DA6AB6-F800-4c08-8B7A-83BB121AAD01}</UniqueIdentifier>
      <Extensions>rc;ico;cur;bmp;dlg;rc2;rct;bin;rgs;gif;jpg;jpeg;jpe;resx;tiff;tif;png;wav;mfcribbon-ms</Extensions>
    </Filter>
    <Filter Include="ObjectScripts">
      <UniqueIdentifier>{05fc9494-462d-44c4-a3e2-92569358ca50}</UniqueIdentifier>
    </Filter>
  </ItemGroup>
  <ItemGroup>
    <ClCompile Include="DebugEditor.cpp" />
    <ClCompile Include="main.cpp" />
    <ClCompile Include="ExampleScript.cpp">
      <Filter>ObjectScripts</Filter>
    </ClCompile>
  </ItemGroup>
  <ItemGroup>
    <ClInclude Include="DebugEditor.h" />
    <ClInclude Include="ExampleScript.h">
      <Filter>ObjectScripts</Filter>
    </ClInclude>
  </ItemGroup>
</Project>