<?xml version="1.0" encoding="utf-8"?>
<Project ToolsVersion="4.0" xmlns="http://schemas.microsoft.com/developer/msbuild/2003">
  <ItemGroup>
    <ClCompile Include="Clock.cpp" />
    <ClCompile Include="LogManager.cpp" />
    <ClCompile Include="pAsset.cpp" />
    <ClCompile Include="pFileReader.cpp" />
    <ClCompile Include="PhageEngine.cpp" />
    <ClCompile Include="pMaterial.cpp" />
    <ClCompile Include="pModel.cpp" />
    <ClCompile Include="pRenderer.cpp" />
    <ClCompile Include="pSceneGraph.cpp" />
    <ClCompile Include="pSceneNode.cpp" />
    <ClCompile Include="pSceneObject.cpp" />
<<<<<<< HEAD
    <ClCompile Include="pModelLoader.cpp" />
=======
    <ClCompile Include="pMatrixStack.cpp" />
    <ClCompile Include="pImage.cpp" />
    <ClCompile Include="pImageLoader.cpp" />
>>>>>>> refs/remotes/origin/Development
  </ItemGroup>
  <ItemGroup>
    <ClInclude Include="Clock.h" />
    <ClInclude Include="LogManager.h" />
    <ClInclude Include="pAsset.h" />
    <ClInclude Include="pEnums.h" />
    <ClInclude Include="pFileReader.h" />
    <ClInclude Include="PhageEngine.h" />
    <ClInclude Include="pMaterial.h" />
    <ClInclude Include="pModel.h" />
    <ClInclude Include="pRenderer.h" />
    <ClInclude Include="pSceneGraph.h" />
    <ClInclude Include="pSceneNode.h" />
    <ClInclude Include="pSceneObject.h" />
<<<<<<< HEAD
    <ClInclude Include="pModelLoader.h" />
=======
    <ClInclude Include="pMatrixStack.h" />
    <ClInclude Include="pImage.h" />
    <ClInclude Include="pImageLoader.h" />
>>>>>>> refs/remotes/origin/Development
  </ItemGroup>
  <ItemGroup>
    <None Include="..\Resources\Shaders\SimpleFragmentShader.frag" />
    <None Include="..\Resources\Shaders\SimpleVertexShader.vert" />
  </ItemGroup>
  <ItemGroup>
    <Text Include="ReadMe.txt" />
  </ItemGroup>
</Project>