<?xml version="1.0" encoding="utf-8"?>
<Project ToolsVersion="4.0" xmlns="http://schemas.microsoft.com/developer/msbuild/2003">
  <ItemGroup>
    <Filter Include="Source Files">
      <UniqueIdentifier>{4FC737F1-C7A5-4376-A066-2A32D752A2FF}</UniqueIdentifier>
      <Extensions>cpp;c;cc;cxx;def;odl;idl;hpj;bat;asm;asmx</Extensions>
    </Filter>
    <Filter Include="Header Files">
      <UniqueIdentifier>{93995380-89BD-4b04-88EB-625FBE52EBFB}</UniqueIdentifier>
      <Extensions>h;hh;hpp;hxx;hm;inl;inc;xsd</Extensions>
    </Filter>
    <Filter Include="Resource Files">
      <UniqueIdentifier>{67DA6AB6-F800-4c08-8B7A-83BB121AAD01}</UniqueIdentifier>
      <Extensions>rc;ico;cur;bmp;dlg;rc2;rct;bin;rgs;gif;jpg;jpeg;jpe;resx;tiff;tif;png;wav;mfcribbon-ms</Extensions>
    </Filter>
  </ItemGroup>
  <ItemGroup>
    <Text Include="ReadMe.txt" />
  </ItemGroup>
  <ItemGroup>
    <ClInclude Include="PhageEngine.h">
      <Filter>Header Files</Filter>
    </ClInclude>
    <ClInclude Include="pModel.h">
      <Filter>Header Files</Filter>
    </ClInclude>
    <ClInclude Include="pAsset.h">
      <Filter>Header Files</Filter>
    </ClInclude>
    <ClInclude Include="pMaterial.h">
      <Filter>Header Files</Filter>
    </ClInclude>
<<<<<<< HEAD
    <ClInclude Include="LogManager.h">
      <Filter>Header Files</Filter>
    </ClInclude>
    <ClInclude Include="Clock.h">
=======
    <ClInclude Include="pEnums.h">
      <Filter>Header Files</Filter>
    </ClInclude>
    <ClInclude Include="pRenderer.h">
>>>>>>> refs/remotes/origin/Development
      <Filter>Header Files</Filter>
    </ClInclude>
  </ItemGroup>
  <ItemGroup>
    <ClCompile Include="PhageEngine.cpp">
      <Filter>Source Files</Filter>
    </ClCompile>
    <ClCompile Include="pModel.cpp">
      <Filter>Source Files</Filter>
    </ClCompile>
    <ClCompile Include="pAsset.cpp">
      <Filter>Source Files</Filter>
    </ClCompile>
    <ClCompile Include="pMaterial.cpp">
      <Filter>Source Files</Filter>
    </ClCompile>
<<<<<<< HEAD
    <ClCompile Include="LogManager.cpp">
      <Filter>Source Files</Filter>
    </ClCompile>
    <ClCompile Include="Clock.cpp">
=======
    <ClCompile Include="pRenderer.cpp">
>>>>>>> refs/remotes/origin/Development
      <Filter>Source Files</Filter>
    </ClCompile>
  </ItemGroup>
</Project>